{
    "version": 3,
    "terraform_version": "0.11.8",
    "serial": 11,
    "lineage": "0f7cd311-aacd-b305-2e37-a4851d856bfe",
    "modules": [
        {
            "path": [
                "root"
            ],
            "outputs": {
                "subnet_id": {
                    "sensitive": false,
                    "type": "string",
                    "value": "subnet-03504c3a223ef2773"
                },
                "vpc_id": {
                    "sensitive": false,
                    "type": "string",
                    "value": "vpc-03646fbfbb5f3c851"
                }
            },
            "resources": {
                "aws_internet_gateway.gw_eric": {
                    "type": "aws_internet_gateway",
                    "depends_on": [
                        "aws_vpc.vpc_eric"
                    ],
                    "primary": {
                        "id": "igw-0100c2594f1ed733f",
                        "attributes": {
                            "id": "igw-0100c2594f1ed733f",
                            "tags.%": "2",
                            "tags.CostCenter": "mycostcenter",
                            "tags.Name": "gw_eric",
                            "vpc_id": "vpc-03646fbfbb5f3c851"
                        },
                        "meta": {},
                        "tainted": false
                    },
                    "deposed": [],
                    "provider": "provider.aws"
                },
                "aws_route_table.route_eric": {
                    "type": "aws_route_table",
                    "depends_on": [
                        "aws_internet_gateway.gw_eric",
                        "aws_vpc.vpc_eric"
                    ],
                    "primary": {
                        "id": "rtb-01c6c55b757531812",
                        "attributes": {
                            "id": "rtb-01c6c55b757531812",
                            "propagating_vgws.#": "0",
                            "route.#": "1",
                            "route.1335104150.cidr_block": "0.0.0.0/0",
                            "route.1335104150.egress_only_gateway_id": "",
                            "route.1335104150.gateway_id": "igw-0100c2594f1ed733f",
                            "route.1335104150.instance_id": "",
                            "route.1335104150.ipv6_cidr_block": "",
                            "route.1335104150.nat_gateway_id": "",
                            "route.1335104150.network_interface_id": "",
                            "route.1335104150.vpc_peering_connection_id": "",
                            "tags.%": "2",
                            "tags.CostCenter": "mycostcenter",
                            "tags.Name": "route_eric",
                            "vpc_id": "vpc-03646fbfbb5f3c851"
                        },
                        "meta": {},
                        "tainted": false
                    },
                    "deposed": [],
                    "provider": "provider.aws"
                },
                "aws_route_table_association.route_association_eric": {
                    "type": "aws_route_table_association",
                    "depends_on": [
                        "aws_route_table.route_eric",
                        "aws_subnet.subnet_eric"
                    ],
                    "primary": {
                        "id": "rtbassoc-0123dadb7ab491ea8",
                        "attributes": {
                            "id": "rtbassoc-0123dadb7ab491ea8",
                            "route_table_id": "rtb-01c6c55b757531812",
                            "subnet_id": "subnet-03504c3a223ef2773"
                        },
                        "meta": {},
                        "tainted": false
                    },
                    "deposed": [],
                    "provider": "provider.aws"
                },
                "aws_subnet.subnet_eric": {
                    "type": "aws_subnet",
                    "depends_on": [
                        "aws_vpc.vpc_eric"
                    ],
                    "primary": {
                        "id": "subnet-03504c3a223ef2773",
                        "attributes": {
                            "arn": "arn:aws:ec2:eu-west-1:222274233330:subnet/subnet-03504c3a223ef2773",
                            "assign_ipv6_address_on_creation": "false",
                            "availability_zone": "eu-west-1a",
                            "cidr_block": "172.23.1.0/24",
                            "id": "subnet-03504c3a223ef2773",
                            "map_public_ip_on_launch": "false",
                            "tags.%": "2",
                            "tags.CostCenter": "mycostcenter",
                            "tags.Name": "subnet_eric",
                            "vpc_id": "vpc-03646fbfbb5f3c851"
                        },
                        "meta": {
                            "e2bfb730-ecaa-11e6-8f88-34363bc7c4c0": {
                                "create": 600000000000,
                                "delete": 600000000000
                            },
                            "schema_version": "1"
                        },
                        "tainted": false
                    },
                    "deposed": [],
                    "provider": "provider.aws"
                },
                "aws_vpc.vpc_eric": {
                    "type": "aws_vpc",
                    "depends_on": [],
                    "primary": {
                        "id": "vpc-03646fbfbb5f3c851",
                        "attributes": {
                            "arn": "arn:aws:ec2:eu-west-1:222274233330:vpc/vpc-03646fbfbb5f3c851",
                            "assign_generated_ipv6_cidr_block": "false",
                            "cidr_block": "172.23.0.0/16",
                            "default_network_acl_id": "acl-04dfe82f38f9fcc2f",
                            "default_route_table_id": "rtb-094a5b90a79e9d435",
                            "default_security_group_id": "sg-02791a9cfba798513",
                            "dhcp_options_id": "dopt-0fee4962cec5652b2",
                            "enable_classiclink": "false",
                            "enable_classiclink_dns_support": "false",
                            "enable_dns_hostnames": "false",
                            "enable_dns_support": "true",
                            "id": "vpc-03646fbfbb5f3c851",
                            "instance_tenancy": "default",
                            "main_route_table_id": "rtb-094a5b90a79e9d435",
                            "tags.%": "2",
                            "tags.CostCenter": "mycostcenter",
                            "tags.Name": "vpc_eric"
                        },
                        "meta": {
                            "schema_version": "1"
                        },
                        "tainted": false
                    },
                    "deposed": [],
                    "provider": "provider.aws"
                }
            },
            "depends_on": []
        }
    ]
}
